// !$*UTF8*$!
{
	archiveVersion = 1;
	classes = {
	};
	objectVersion = 48;
	objects = {

/* Begin PBXBuildFile section */
		A5481E18219DFF390036F25F /* ParkStatsViewController.swift in Sources */ = {isa = PBXBuildFile; fileRef = A5481E16219DFF390036F25F /* ParkStatsViewController.swift */; };
		A5481E1B219E1B3E0036F25F /* pieChartView.swift in Sources */ = {isa = PBXBuildFile; fileRef = A5481E1A219E1B3E0036F25F /* pieChartView.swift */; };
		A5481E1D219F54A90036F25F /* CountingLabel.swift in Sources */ = {isa = PBXBuildFile; fileRef = A5481E1C219F54A80036F25F /* CountingLabel.swift */; };
		A56DE7F920A8E68400BA8693 /* NPTracker.xcdatamodeld in Sources */ = {isa = PBXBuildFile; fileRef = A56DE7F720A8E68400BA8693 /* NPTracker.xcdatamodeld */; };
		A56DE7FD20A8F03200BA8693 /* ParkDetailViewController.swift in Sources */ = {isa = PBXBuildFile; fileRef = A56DE7FC20A8F03200BA8693 /* ParkDetailViewController.swift */; };
		A570E88520A248BF00772AD0 /* AppDelegate.swift in Sources */ = {isa = PBXBuildFile; fileRef = A570E88420A248BF00772AD0 /* AppDelegate.swift */; };
		A570E88720A248BF00772AD0 /* ParksViewController.swift in Sources */ = {isa = PBXBuildFile; fileRef = A570E88620A248BF00772AD0 /* ParksViewController.swift */; };
		A570E88A20A248BF00772AD0 /* Main.storyboard in Resources */ = {isa = PBXBuildFile; fileRef = A570E88820A248BF00772AD0 /* Main.storyboard */; };
		A570E88C20A248BF00772AD0 /* Assets.xcassets in Resources */ = {isa = PBXBuildFile; fileRef = A570E88B20A248BF00772AD0 /* Assets.xcassets */; };
		A570E88F20A248BF00772AD0 /* LaunchScreen.storyboard in Resources */ = {isa = PBXBuildFile; fileRef = A570E88D20A248BF00772AD0 /* LaunchScreen.storyboard */; };
		A570E89720A24A9E00772AD0 /* Park.swift in Sources */ = {isa = PBXBuildFile; fileRef = A570E89620A24A9E00772AD0 /* Park.swift */; };
		A570E89920A297C200772AD0 /* NPSAPIClient.swift in Sources */ = {isa = PBXBuildFile; fileRef = A570E89820A297C200772AD0 /* NPSAPIClient.swift */; };
		A570E89B20A2BCBE00772AD0 /* Helper.swift in Sources */ = {isa = PBXBuildFile; fileRef = A570E89A20A2BCBE00772AD0 /* Helper.swift */; };
		A570E89D20A3D64600772AD0 /* ParkSearchTable.swift in Sources */ = {isa = PBXBuildFile; fileRef = A570E89C20A3D64600772AD0 /* ParkSearchTable.swift */; };
		A570E8A820A5F9AB00772AD0 /* ParkView.swift in Sources */ = {isa = PBXBuildFile; fileRef = A570E8A720A5F9AB00772AD0 /* ParkView.swift */; };
		FB68492248F566AD304892FE /* Pods_National_Parks_Passport.framework in Frameworks */ = {isa = PBXBuildFile; fileRef = E057E6453EA530C2FE1E4B7B /* Pods_National_Parks_Passport.framework */; };
/* End PBXBuildFile section */

/* Begin PBXFileReference section */
		71E305AFF5F0902876C2E1FF /* Pods-National Parks Passport.release.xcconfig */ = {isa = PBXFileReference; includeInIndex = 1; lastKnownFileType = text.xcconfig; name = "Pods-National Parks Passport.release.xcconfig"; path = "Pods/Target Support Files/Pods-National Parks Passport/Pods-National Parks Passport.release.xcconfig"; sourceTree = "<group>"; };
		94D8F644AC774CD73CF8F65E /* Pods-National Parks Passport.debug.xcconfig */ = {isa = PBXFileReference; includeInIndex = 1; lastKnownFileType = text.xcconfig; name = "Pods-National Parks Passport.debug.xcconfig"; path = "Pods/Target Support Files/Pods-National Parks Passport/Pods-National Parks Passport.debug.xcconfig"; sourceTree = "<group>"; };
		A5481E16219DFF390036F25F /* ParkStatsViewController.swift */ = {isa = PBXFileReference; lastKnownFileType = sourcecode.swift; path = ParkStatsViewController.swift; sourceTree = "<group>"; };
		A5481E1A219E1B3E0036F25F /* pieChartView.swift */ = {isa = PBXFileReference; lastKnownFileType = sourcecode.swift; path = pieChartView.swift; sourceTree = "<group>"; };
		A5481E1C219F54A80036F25F /* CountingLabel.swift */ = {isa = PBXFileReference; lastKnownFileType = sourcecode.swift; path = CountingLabel.swift; sourceTree = "<group>"; };
		A56DE7F820A8E68400BA8693 /* Park.xcdatamodel */ = {isa = PBXFileReference; lastKnownFileType = wrapper.xcdatamodel; path = Park.xcdatamodel; sourceTree = "<group>"; };
		A56DE7FC20A8F03200BA8693 /* ParkDetailViewController.swift */ = {isa = PBXFileReference; lastKnownFileType = sourcecode.swift; path = ParkDetailViewController.swift; sourceTree = "<group>"; };
		A570E88120A248BF00772AD0 /* National Parks Passport.app */ = {isa = PBXFileReference; explicitFileType = wrapper.application; includeInIndex = 0; path = "National Parks Passport.app"; sourceTree = BUILT_PRODUCTS_DIR; };
		A570E88420A248BF00772AD0 /* AppDelegate.swift */ = {isa = PBXFileReference; lastKnownFileType = sourcecode.swift; path = AppDelegate.swift; sourceTree = "<group>"; };
		A570E88620A248BF00772AD0 /* ParksViewController.swift */ = {isa = PBXFileReference; lastKnownFileType = sourcecode.swift; path = ParksViewController.swift; sourceTree = "<group>"; };
		A570E88920A248BF00772AD0 /* Base */ = {isa = PBXFileReference; lastKnownFileType = file.storyboard; name = Base; path = Base.lproj/Main.storyboard; sourceTree = "<group>"; };
		A570E88B20A248BF00772AD0 /* Assets.xcassets */ = {isa = PBXFileReference; lastKnownFileType = folder.assetcatalog; path = Assets.xcassets; sourceTree = "<group>"; };
		A570E88E20A248BF00772AD0 /* Base */ = {isa = PBXFileReference; lastKnownFileType = file.storyboard; name = Base; path = Base.lproj/LaunchScreen.storyboard; sourceTree = "<group>"; };
		A570E89020A248BF00772AD0 /* Info.plist */ = {isa = PBXFileReference; lastKnownFileType = text.plist.xml; path = Info.plist; sourceTree = "<group>"; };
		A570E89620A24A9E00772AD0 /* Park.swift */ = {isa = PBXFileReference; lastKnownFileType = sourcecode.swift; path = Park.swift; sourceTree = "<group>"; };
		A570E89820A297C200772AD0 /* NPSAPIClient.swift */ = {isa = PBXFileReference; lastKnownFileType = sourcecode.swift; path = NPSAPIClient.swift; sourceTree = "<group>"; };
		A570E89A20A2BCBE00772AD0 /* Helper.swift */ = {isa = PBXFileReference; lastKnownFileType = sourcecode.swift; path = Helper.swift; sourceTree = "<group>"; };
		A570E89C20A3D64600772AD0 /* ParkSearchTable.swift */ = {isa = PBXFileReference; lastKnownFileType = sourcecode.swift; path = ParkSearchTable.swift; sourceTree = "<group>"; };
		A570E8A720A5F9AB00772AD0 /* ParkView.swift */ = {isa = PBXFileReference; lastKnownFileType = sourcecode.swift; path = ParkView.swift; sourceTree = "<group>"; };
		E057E6453EA530C2FE1E4B7B /* Pods_National_Parks_Passport.framework */ = {isa = PBXFileReference; explicitFileType = wrapper.framework; includeInIndex = 0; path = Pods_National_Parks_Passport.framework; sourceTree = BUILT_PRODUCTS_DIR; };
/* End PBXFileReference section */

/* Begin PBXFrameworksBuildPhase section */
		A570E87E20A248BF00772AD0 /* Frameworks */ = {
			isa = PBXFrameworksBuildPhase;
			buildActionMask = 2147483647;
			files = (
				FB68492248F566AD304892FE /* Pods_National_Parks_Passport.framework in Frameworks */,
			);
			runOnlyForDeploymentPostprocessing = 0;
		};
/* End PBXFrameworksBuildPhase section */

/* Begin PBXGroup section */
		38620C44B0869ED44348D668 /* Frameworks */ = {
			isa = PBXGroup;
			children = (
				E057E6453EA530C2FE1E4B7B /* Pods_National_Parks_Passport.framework */,
			);
			name = Frameworks;
			sourceTree = "<group>";
		};
		76C94D6D896A09E36C012B12 /* Pods */ = {
			isa = PBXGroup;
			children = (
				94D8F644AC774CD73CF8F65E /* Pods-National Parks Passport.debug.xcconfig */,
				71E305AFF5F0902876C2E1FF /* Pods-National Parks Passport.release.xcconfig */,
			);
			name = Pods;
			sourceTree = "<group>";
		};
		A570E87820A248BF00772AD0 = {
			isa = PBXGroup;
			children = (
				A570E88320A248BF00772AD0 /* National Parks Passport */,
				A570E88220A248BF00772AD0 /* Products */,
				76C94D6D896A09E36C012B12 /* Pods */,
				38620C44B0869ED44348D668 /* Frameworks */,
			);
			sourceTree = "<group>";
		};
		A570E88220A248BF00772AD0 /* Products */ = {
			isa = PBXGroup;
			children = (
				A570E88120A248BF00772AD0 /* National Parks Passport.app */,
			);
			name = Products;
			sourceTree = "<group>";
		};
		A570E88320A248BF00772AD0 /* National Parks Passport */ = {
			isa = PBXGroup;
			children = (
				A570E88420A248BF00772AD0 /* AppDelegate.swift */,
				A56DE7F720A8E68400BA8693 /* NPTracker.xcdatamodeld */,
				A570E88620A248BF00772AD0 /* ParksViewController.swift */,
				A570E89620A24A9E00772AD0 /* Park.swift */,
				A570E88820A248BF00772AD0 /* Main.storyboard */,
				A570E88B20A248BF00772AD0 /* Assets.xcassets */,
				A570E88D20A248BF00772AD0 /* LaunchScreen.storyboard */,
				A570E89020A248BF00772AD0 /* Info.plist */,
				A570E89820A297C200772AD0 /* NPSAPIClient.swift */,
				A570E89A20A2BCBE00772AD0 /* Helper.swift */,
				A570E89C20A3D64600772AD0 /* ParkSearchTable.swift */,
				A570E8A720A5F9AB00772AD0 /* ParkView.swift */,
				A56DE7FC20A8F03200BA8693 /* ParkDetailViewController.swift */,
				A5481E16219DFF390036F25F /* ParkStatsViewController.swift */,
				A5481E1A219E1B3E0036F25F /* pieChartView.swift */,
				A5481E1C219F54A80036F25F /* CountingLabel.swift */,
			);
			path = "National Parks Passport";
			sourceTree = "<group>";
		};
/* End PBXGroup section */

/* Begin PBXNativeTarget section */
		A570E88020A248BF00772AD0 /* National Parks Passport */ = {
			isa = PBXNativeTarget;
			buildConfigurationList = A570E89320A248BF00772AD0 /* Build configuration list for PBXNativeTarget "National Parks Passport" */;
			buildPhases = (
				CC7B29BB0AA5797A326DEAD1 /* [CP] Check Pods Manifest.lock */,
				A570E87D20A248BF00772AD0 /* Sources */,
				A570E87E20A248BF00772AD0 /* Frameworks */,
				A570E87F20A248BF00772AD0 /* Resources */,
				A6834E0A13D6E5E34FED1116 /* [CP] Embed Pods Frameworks */,
				BF45EA56172D0D6CCE705832 /* [CP] Copy Pods Resources */,
			);
			buildRules = (
			);
			dependencies = (
			);
			name = "National Parks Passport";
			productName = "National Parks Passport";
			productReference = A570E88120A248BF00772AD0 /* National Parks Passport.app */;
			productType = "com.apple.product-type.application";
		};
/* End PBXNativeTarget section */

/* Begin PBXProject section */
		A570E87920A248BF00772AD0 /* Project object */ = {
			isa = PBXProject;
			attributes = {
				LastSwiftUpdateCheck = 0920;
				LastUpgradeCheck = 0920;
				ORGANIZATIONNAME = "Rui Mao";
				TargetAttributes = {
					A570E88020A248BF00772AD0 = {
						CreatedOnToolsVersion = 9.2;
						ProvisioningStyle = Automatic;
						SystemCapabilities = {
							com.apple.BackgroundModes = {
								enabled = 0;
							};
						};
					};
				};
			};
			buildConfigurationList = A570E87C20A248BF00772AD0 /* Build configuration list for PBXProject "National Parks Passport" */;
			compatibilityVersion = "Xcode 8.0";
			developmentRegion = en;
			hasScannedForEncodings = 0;
			knownRegions = (
				en,
				Base,
			);
			mainGroup = A570E87820A248BF00772AD0;
			productRefGroup = A570E88220A248BF00772AD0 /* Products */;
			projectDirPath = "";
			projectRoot = "";
			targets = (
				A570E88020A248BF00772AD0 /* National Parks Passport */,
			);
		};
/* End PBXProject section */

/* Begin PBXResourcesBuildPhase section */
		A570E87F20A248BF00772AD0 /* Resources */ = {
			isa = PBXResourcesBuildPhase;
			buildActionMask = 2147483647;
			files = (
				A570E88F20A248BF00772AD0 /* LaunchScreen.storyboard in Resources */,
				A570E88C20A248BF00772AD0 /* Assets.xcassets in Resources */,
				A570E88A20A248BF00772AD0 /* Main.storyboard in Resources */,
			);
			runOnlyForDeploymentPostprocessing = 0;
		};
/* End PBXResourcesBuildPhase section */

/* Begin PBXShellScriptBuildPhase section */
		A6834E0A13D6E5E34FED1116 /* [CP] Embed Pods Frameworks */ = {
			isa = PBXShellScriptBuildPhase;
			buildActionMask = 2147483647;
			files = (
			);
			inputPaths = (
			);
			name = "[CP] Embed Pods Frameworks";
			outputPaths = (
			);
			runOnlyForDeploymentPostprocessing = 0;
			shellPath = /bin/sh;
			shellScript = "\"${SRCROOT}/Pods/Target Support Files/Pods-National Parks Passport/Pods-National Parks Passport-frameworks.sh\"\n";
			showEnvVarsInLog = 0;
		};
		BF45EA56172D0D6CCE705832 /* [CP] Copy Pods Resources */ = {
			isa = PBXShellScriptBuildPhase;
			buildActionMask = 2147483647;
			files = (
			);
			inputPaths = (
			);
			name = "[CP] Copy Pods Resources";
			outputPaths = (
			);
			runOnlyForDeploymentPostprocessing = 0;
			shellPath = /bin/sh;
			shellScript = "\"${SRCROOT}/Pods/Target Support Files/Pods-National Parks Passport/Pods-National Parks Passport-resources.sh\"\n";
			showEnvVarsInLog = 0;
		};
		CC7B29BB0AA5797A326DEAD1 /* [CP] Check Pods Manifest.lock */ = {
			isa = PBXShellScriptBuildPhase;
			buildActionMask = 2147483647;
			files = (
			);
			inputPaths = (
			);
			name = "[CP] Check Pods Manifest.lock";
			outputPaths = (
			);
			runOnlyForDeploymentPostprocessing = 0;
			shellPath = /bin/sh;
			shellScript = "diff \"${PODS_PODFILE_DIR_PATH}/Podfile.lock\" \"${PODS_ROOT}/Manifest.lock\" > /dev/null\nif [ $? != 0 ] ; then\n    # print error to STDERR\n    echo \"error: The sandbox is not in sync with the Podfile.lock. Run 'pod install' or update your CocoaPods installation.\" >&2\n    exit 1\nfi\n";
			showEnvVarsInLog = 0;
		};
/* End PBXShellScriptBuildPhase section */

/* Begin PBXSourcesBuildPhase section */
		A570E87D20A248BF00772AD0 /* Sources */ = {
			isa = PBXSourcesBuildPhase;
			buildActionMask = 2147483647;
			files = (
				A5481E18219DFF390036F25F /* ParkStatsViewController.swift in Sources */,
				A5481E1D219F54A90036F25F /* CountingLabel.swift in Sources */,
				A570E88720A248BF00772AD0 /* ParksViewController.swift in Sources */,
				A56DE7FD20A8F03200BA8693 /* ParkDetailViewController.swift in Sources */,
				A570E88520A248BF00772AD0 /* AppDelegate.swift in Sources */,
				A570E8A820A5F9AB00772AD0 /* ParkView.swift in Sources */,
				A5481E1B219E1B3E0036F25F /* pieChartView.swift in Sources */,
				A570E89B20A2BCBE00772AD0 /* Helper.swift in Sources */,
				A570E89720A24A9E00772AD0 /* Park.swift in Sources */,
				A570E89D20A3D64600772AD0 /* ParkSearchTable.swift in Sources */,
				A570E89920A297C200772AD0 /* NPSAPIClient.swift in Sources */,
				A56DE7F920A8E68400BA8693 /* NPTracker.xcdatamodeld in Sources */,
			);
			runOnlyForDeploymentPostprocessing = 0;
		};
/* End PBXSourcesBuildPhase section */

/* Begin PBXVariantGroup section */
		A570E88820A248BF00772AD0 /* Main.storyboard */ = {
			isa = PBXVariantGroup;
			children = (
				A570E88920A248BF00772AD0 /* Base */,
			);
			name = Main.storyboard;
			sourceTree = "<group>";
		};
		A570E88D20A248BF00772AD0 /* LaunchScreen.storyboard */ = {
			isa = PBXVariantGroup;
			children = (
				A570E88E20A248BF00772AD0 /* Base */,
			);
			name = LaunchScreen.storyboard;
			sourceTree = "<group>";
		};
/* End PBXVariantGroup section */

/* Begin XCBuildConfiguration section */
		A570E89120A248BF00772AD0 /* Debug */ = {
			isa = XCBuildConfiguration;
			buildSettings = {
				ALWAYS_SEARCH_USER_PATHS = NO;
				CLANG_ANALYZER_NONNULL = YES;
				CLANG_ANALYZER_NUMBER_OBJECT_CONVERSION = YES_AGGRESSIVE;
				CLANG_CXX_LANGUAGE_STANDARD = "gnu++14";
				CLANG_CXX_LIBRARY = "libc++";
				CLANG_ENABLE_MODULES = YES;
				CLANG_ENABLE_OBJC_ARC = YES;
				CLANG_WARN_BLOCK_CAPTURE_AUTORELEASING = YES;
				CLANG_WARN_BOOL_CONVERSION = YES;
				CLANG_WARN_COMMA = YES;
				CLANG_WARN_CONSTANT_CONVERSION = YES;
				CLANG_WARN_DIRECT_OBJC_ISA_USAGE = YES_ERROR;
				CLANG_WARN_DOCUMENTATION_COMMENTS = YES;
				CLANG_WARN_EMPTY_BODY = YES;
				CLANG_WARN_ENUM_CONVERSION = YES;
				CLANG_WARN_INFINITE_RECURSION = YES;
				CLANG_WARN_INT_CONVERSION = YES;
				CLANG_WARN_NON_LITERAL_NULL_CONVERSION = YES;
				CLANG_WARN_OBJC_LITERAL_CONVERSION = YES;
				CLANG_WARN_OBJC_ROOT_CLASS = YES_ERROR;
				CLANG_WARN_RANGE_LOOP_ANALYSIS = YES;
				CLANG_WARN_STRICT_PROTOTYPES = YES;
				CLANG_WARN_SUSPICIOUS_MOVE = YES;
				CLANG_WARN_UNGUARDED_AVAILABILITY = YES_AGGRESSIVE;
				CLANG_WARN_UNREACHABLE_CODE = YES;
				CLANG_WARN__DUPLICATE_METHOD_MATCH = YES;
				CODE_SIGN_IDENTITY = "iPhone Developer";
				COPY_PHASE_STRIP = NO;
				DEBUG_INFORMATION_FORMAT = dwarf;
				ENABLE_STRICT_OBJC_MSGSEND = YES;
				ENABLE_TESTABILITY = YES;
				GCC_C_LANGUAGE_STANDARD = gnu11;
				GCC_DYNAMIC_NO_PIC = NO;
				GCC_NO_COMMON_BLOCKS = YES;
				GCC_OPTIMIZATION_LEVEL = 0;
				GCC_PREPROCESSOR_DEFINITIONS = (
					"DEBUG=1",
					"$(inherited)",
				);
				GCC_WARN_64_TO_32_BIT_CONVERSION = YES;
				GCC_WARN_ABOUT_RETURN_TYPE = YES_ERROR;
				GCC_WARN_UNDECLARED_SELECTOR = YES;
				GCC_WARN_UNINITIALIZED_AUTOS = YES_AGGRESSIVE;
				GCC_WARN_UNUSED_FUNCTION = YES;
				GCC_WARN_UNUSED_VARIABLE = YES;
				IPHONEOS_DEPLOYMENT_TARGET = 11.2;
				MTL_ENABLE_DEBUG_INFO = YES;
				ONLY_ACTIVE_ARCH = YES;
				SDKROOT = iphoneos;
				SWIFT_ACTIVE_COMPILATION_CONDITIONS = DEBUG;
				SWIFT_OPTIMIZATION_LEVEL = "-Onone";
			};
			name = Debug;
		};
		A570E89220A248BF00772AD0 /* Release */ = {
			isa = XCBuildConfiguration;
			buildSettings = {
				ALWAYS_SEARCH_USER_PATHS = NO;
				CLANG_ANALYZER_NONNULL = YES;
				CLANG_ANALYZER_NUMBER_OBJECT_CONVERSION = YES_AGGRESSIVE;
				CLANG_CXX_LANGUAGE_STANDARD = "gnu++14";
				CLANG_CXX_LIBRARY = "libc++";
				CLANG_ENABLE_MODULES = YES;
				CLANG_ENABLE_OBJC_ARC = YES;
				CLANG_WARN_BLOCK_CAPTURE_AUTORELEASING = YES;
				CLANG_WARN_BOOL_CONVERSION = YES;
				CLANG_WARN_COMMA = YES;
				CLANG_WARN_CONSTANT_CONVERSION = YES;
				CLANG_WARN_DIRECT_OBJC_ISA_USAGE = YES_ERROR;
				CLANG_WARN_DOCUMENTATION_COMMENTS = YES;
				CLANG_WARN_EMPTY_BODY = YES;
				CLANG_WARN_ENUM_CONVERSION = YES;
				CLANG_WARN_INFINITE_RECURSION = YES;
				CLANG_WARN_INT_CONVERSION = YES;
				CLANG_WARN_NON_LITERAL_NULL_CONVERSION = YES;
				CLANG_WARN_OBJC_LITERAL_CONVERSION = YES;
				CLANG_WARN_OBJC_ROOT_CLASS = YES_ERROR;
				CLANG_WARN_RANGE_LOOP_ANALYSIS = YES;
				CLANG_WARN_STRICT_PROTOTYPES = YES;
				CLANG_WARN_SUSPICIOUS_MOVE = YES;
				CLANG_WARN_UNGUARDED_AVAILABILITY = YES_AGGRESSIVE;
				CLANG_WARN_UNREACHABLE_CODE = YES;
				CLANG_WARN__DUPLICATE_METHOD_MATCH = YES;
				CODE_SIGN_IDENTITY = "iPhone Developer";
				COPY_PHASE_STRIP = NO;
				DEBUG_INFORMATION_FORMAT = "dwarf-with-dsym";
				ENABLE_NS_ASSERTIONS = NO;
				ENABLE_STRICT_OBJC_MSGSEND = YES;
				GCC_C_LANGUAGE_STANDARD = gnu11;
				GCC_NO_COMMON_BLOCKS = YES;
				GCC_WARN_64_TO_32_BIT_CONVERSION = YES;
				GCC_WARN_ABOUT_RETURN_TYPE = YES_ERROR;
				GCC_WARN_UNDECLARED_SELECTOR = YES;
				GCC_WARN_UNINITIALIZED_AUTOS = YES_AGGRESSIVE;
				GCC_WARN_UNUSED_FUNCTION = YES;
				GCC_WARN_UNUSED_VARIABLE = YES;
				IPHONEOS_DEPLOYMENT_TARGET = 11.2;
				MTL_ENABLE_DEBUG_INFO = NO;
				SDKROOT = iphoneos;
				SWIFT_OPTIMIZATION_LEVEL = "-Owholemodule";
				VALIDATE_PRODUCT = YES;
			};
			name = Release;
		};
		A570E89420A248BF00772AD0 /* Debug */ = {
			isa = XCBuildConfiguration;
			baseConfigurationReference = 94D8F644AC774CD73CF8F65E /* Pods-National Parks Passport.debug.xcconfig */;
			buildSettings = {
				ASSETCATALOG_COMPILER_APPICON_NAME = AppIcon;
				CODE_SIGN_STYLE = Automatic;
				DEVELOPMENT_TEAM = BDVS636UPQ;
				INFOPLIST_FILE = "National Parks Passport/Info.plist";
				LD_RUNPATH_SEARCH_PATHS = "$(inherited) @executable_path/Frameworks";
				PRODUCT_BUNDLE_IDENTIFIER = "rmao.National-Parks-Passport";
				PRODUCT_NAME = "$(TARGET_NAME)";
				SWIFT_VERSION = 4.0;
				TARGETED_DEVICE_FAMILY = "1,2";
			};
			name = Debug;
		};
		A570E89520A248BF00772AD0 /* Release */ = {
			isa = XCBuildConfiguration;
			baseConfigurationReference = 71E305AFF5F0902876C2E1FF /* Pods-National Parks Passport.release.xcconfig */;
			buildSettings = {
				ASSETCATALOG_COMPILER_APPICON_NAME = AppIcon;
				CODE_SIGN_STYLE = Automatic;
				DEVELOPMENT_TEAM = BDVS636UPQ;
				INFOPLIST_FILE = "National Parks Passport/Info.plist";
				LD_RUNPATH_SEARCH_PATHS = "$(inherited) @executable_path/Frameworks";
				PRODUCT_BUNDLE_IDENTIFIER = "rmao.National-Parks-Passport";
				PRODUCT_NAME = "$(TARGET_NAME)";
				SWIFT_VERSION = 4.0;
				TARGETED_DEVICE_FAMILY = "1,2";
			};
			name = Release;
		};
/* End XCBuildConfiguration section */

/* Begin XCConfigurationList section */
		A570E87C20A248BF00772AD0 /* Build configuration list for PBXProject "National Parks Passport" */ = {
			isa = XCConfigurationList;
			buildConfigurations = (
				A570E89120A248BF00772AD0 /* Debug */,
				A570E89220A248BF00772AD0 /* Release */,
			);
			defaultConfigurationIsVisible = 0;
			defaultConfigurationName = Release;
		};
		A570E89320A248BF00772AD0 /* Build configuration list for PBXNativeTarget "National Parks Passport" */ = {
			isa = XCConfigurationList;
			buildConfigurations = (
				A570E89420A248BF00772AD0 /* Debug */,
				A570E89520A248BF00772AD0 /* Release */,
			);
			defaultConfigurationIsVisible = 0;
			defaultConfigurationName = Release;
		};
/* End XCConfigurationList section */

/* Begin XCVersionGroup section */
		A56DE7F720A8E68400BA8693 /* NPTracker.xcdatamodeld */ = {
			isa = XCVersionGroup;
			children = (
				A56DE7F820A8E68400BA8693 /* Park.xcdatamodel */,
			);
			currentVersion = A56DE7F820A8E68400BA8693 /* Park.xcdatamodel */;
			name = NPTracker.xcdatamodeld;
			path = ../NPTracker.xcdatamodeld;
			sourceTree = "<group>";
			versionGroupType = wrapper.xcdatamodel;
		};
/* End XCVersionGroup section */
	};
	rootObject = A570E87920A248BF00772AD0 /* Project object */;
}
